{
  "name": "custom-tpl",
  "version": "1.0.1",
  "lockfileVersion": 1,
  "requires": true,
  "dependencies": {
    "regex-escape": {
      "version": "3.4.9",
      "resolved": "https://registry.npmjs.org/regex-escape/-/regex-escape-3.4.9.tgz",
      "integrity": "sha512-Cv9rjwyQwVhn3L097ysanWsEElurmxDj6Cc4Ut23z7e6hzRbrNvF3Le7yAciMfuzyb0sZwSr0ZHunMNCIoy2/g=="
    }
  }
}
